
Microsoft Visual Studio Solution File, Format Version 12.00
# Visual Studio Version 16
VisualStudioVersion = 16.0.32126.315
MinimumVisualStudioVersion = 10.0.40219.1
Project("{FAE04EC0-301F-11D3-BF4B-00C04F79EFBC}") = "Classlar", "DotNETCore\Classlar.csproj", "{8E0D96EB-677D-4CFA-9BE0-F990839C9B80}"
EndProject
Project("{FAE04EC0-301F-11D3-BF4B-00C04F79EFBC}") = "Constructor", "Constructor\Constructor.csproj", "{7CCB8364-6E08-4F96-9018-26E6AEF059E7}"
EndProject
Project("{FAE04EC0-301F-11D3-BF4B-00C04F79EFBC}") = "Encapsulation", "Encapsulation\Encapsulation.csproj", "{C3DBA3B0-5C30-4FDB-AF34-3785E8D40A00}"
EndProject
Project("{FAE04EC0-301F-11D3-BF4B-00C04F79EFBC}") = "Inheritance", "Inheritance\Inheritance.csproj", "{A4463B64-BD75-4556-9059-BF5CF7E8BF6F}"
EndProject
Project("{FAE04EC0-301F-11D3-BF4B-00C04F79EFBC}") = "Polymorphism", "Polymorphism\Polymorphism.csproj", "{55859BC3-63B4-4A72-B722-5029E64F7B4B}"
EndProject
Project("{FAE04EC0-301F-11D3-BF4B-00C04F79EFBC}") = "AbstractClass", "AbstractClass\AbstractClass.csproj", "{8A951E10-9E1E-4062-B046-A85983C5F7C7}"
EndProject
Project("{FAE04EC0-301F-11D3-BF4B-00C04F79EFBC}") = "Enums", "Enums\Enums.csproj", "{6FC63E09-B7DA-4218-938F-61007ACC9BBF}"
EndProject
Global
	GlobalSection(SolutionConfigurationPlatforms) = preSolution
		Debug|Any CPU = Debug|Any CPU
		Release|Any CPU = Release|Any CPU
	EndGlobalSection
	GlobalSection(ProjectConfigurationPlatforms) = postSolution
		{8E0D96EB-677D-4CFA-9BE0-F990839C9B80}.Debug|Any CPU.ActiveCfg = Debug|Any CPU
		{8E0D96EB-677D-4CFA-9BE0-F990839C9B80}.Debug|Any CPU.Build.0 = Debug|Any CPU
		{8E0D96EB-677D-4CFA-9BE0-F990839C9B80}.Release|Any CPU.ActiveCfg = Release|Any CPU
		{8E0D96EB-677D-4CFA-9BE0-F990839C9B80}.Release|Any CPU.Build.0 = Release|Any CPU
		{7CCB8364-6E08-4F96-9018-26E6AEF059E7}.Debug|Any CPU.ActiveCfg = Debug|Any CPU
		{7CCB8364-6E08-4F96-9018-26E6AEF059E7}.Debug|Any CPU.Build.0 = Debug|Any CPU
		{7CCB8364-6E08-4F96-9018-26E6AEF059E7}.Release|Any CPU.ActiveCfg = Release|Any CPU
		{7CCB8364-6E08-4F96-9018-26E6AEF059E7}.Release|Any CPU.Build.0 = Release|Any CPU
		{C3DBA3B0-5C30-4FDB-AF34-3785E8D40A00}.Debug|Any CPU.ActiveCfg = Debug|Any CPU
		{C3DBA3B0-5C30-4FDB-AF34-3785E8D40A00}.Debug|Any CPU.Build.0 = Debug|Any CPU
		{C3DBA3B0-5C30-4FDB-AF34-3785E8D40A00}.Release|Any CPU.ActiveCfg = Release|Any CPU
		{C3DBA3B0-5C30-4FDB-AF34-3785E8D40A00}.Release|Any CPU.Build.0 = Release|Any CPU
		{A4463B64-BD75-4556-9059-BF5CF7E8BF6F}.Debug|Any CPU.ActiveCfg = Debug|Any CPU
		{A4463B64-BD75-4556-9059-BF5CF7E8BF6F}.Debug|Any CPU.Build.0 = Debug|Any CPU
		{A4463B64-BD75-4556-9059-BF5CF7E8BF6F}.Release|Any CPU.ActiveCfg = Release|Any CPU
		{A4463B64-BD75-4556-9059-BF5CF7E8BF6F}.Release|Any CPU.Build.0 = Release|Any CPU
		{55859BC3-63B4-4A72-B722-5029E64F7B4B}.Debug|Any CPU.ActiveCfg = Debug|Any CPU
		{55859BC3-63B4-4A72-B722-5029E64F7B4B}.Debug|Any CPU.Build.0 = Debug|Any CPU
		{55859BC3-63B4-4A72-B722-5029E64F7B4B}.Release|Any CPU.ActiveCfg = Release|Any CPU
		{55859BC3-63B4-4A72-B722-5029E64F7B4B}.Release|Any CPU.Build.0 = Release|Any CPU
		{8A951E10-9E1E-4062-B046-A85983C5F7C7}.Debug|Any CPU.ActiveCfg = Debug|Any CPU
		{8A951E10-9E1E-4062-B046-A85983C5F7C7}.Debug|Any CPU.Build.0 = Debug|Any CPU
		{8A951E10-9E1E-4062-B046-A85983C5F7C7}.Release|Any CPU.ActiveCfg = Release|Any CPU
		{8A951E10-9E1E-4062-B046-A85983C5F7C7}.Release|Any CPU.Build.0 = Release|Any CPU
		{6FC63E09-B7DA-4218-938F-61007ACC9BBF}.Debug|Any CPU.ActiveCfg = Debug|Any CPU
		{6FC63E09-B7DA-4218-938F-61007ACC9BBF}.Debug|Any CPU.Build.0 = Debug|Any CPU
		{6FC63E09-B7DA-4218-938F-61007ACC9BBF}.Release|Any CPU.ActiveCfg = Release|Any CPU
		{6FC63E09-B7DA-4218-938F-61007ACC9BBF}.Release|Any CPU.Build.0 = Release|Any CPU
	EndGlobalSection
	GlobalSection(SolutionProperties) = preSolution
		HideSolutionNode = FALSE
	EndGlobalSection
	GlobalSection(ExtensibilityGlobals) = postSolution
		SolutionGuid = {6460DF5A-B361-48CD-B4B8-83897F383A8E}
	EndGlobalSection
EndGlobal
